
Microsoft Visual Studio Solution File, Format Version 12.00
# Visual Studio 15
VisualStudioVersion = 15.0.26124.0
MinimumVisualStudioVersion = 15.0.26124.0
Project("{FAE04EC0-301F-11D3-BF4B-00C04F79EFBC}") = "lab3_mvc.Repository", "lab3_mvc.Repository\lab3_mvc.Repository.csproj", "{9D14629B-6451-43A6-9A45-A9C538F0E9A4}"
EndProject
Project("{FAE04EC0-301F-11D3-BF4B-00C04F79EFBC}") = "lab3_mvc.Services", "lab3_mvc.Services\lab3_mvc.Services.csproj", "{7014E8EE-0F62-449E-AB52-6996F68FEB09}"
EndProject
Project("{FAE04EC0-301F-11D3-BF4B-00C04F79EFBC}") = "lab3_mvc.Api", "lab3_mvc.Api\lab3_mvc.Api.csproj", "{9D3ABC86-A872-4618-BACA-B39F7313BDC5}"
EndProject
Project("{FAE04EC0-301F-11D3-BF4B-00C04F79EFBC}") = "lab3_mvc.Mvc", "lab3_mvc.Mvc\lab3_mvc.Mvc.csproj", "{007C17AB-81EA-402D-9C10-484CF04DEF1C}"
EndProject
Global
	GlobalSection(SolutionConfigurationPlatforms) = preSolution
		Debug|Any CPU = Debug|Any CPU
		Debug|x64 = Debug|x64
		Debug|x86 = Debug|x86
		Release|Any CPU = Release|Any CPU
		Release|x64 = Release|x64
		Release|x86 = Release|x86
	EndGlobalSection
	GlobalSection(SolutionProperties) = preSolution
		HideSolutionNode = FALSE
	EndGlobalSection
	GlobalSection(ProjectConfigurationPlatforms) = postSolution
		{9D14629B-6451-43A6-9A45-A9C538F0E9A4}.Debug|Any CPU.ActiveCfg = Debug|Any CPU
		{9D14629B-6451-43A6-9A45-A9C538F0E9A4}.Debug|Any CPU.Build.0 = Debug|Any CPU
		{9D14629B-6451-43A6-9A45-A9C538F0E9A4}.Debug|x64.ActiveCfg = Debug|Any CPU
		{9D14629B-6451-43A6-9A45-A9C538F0E9A4}.Debug|x64.Build.0 = Debug|Any CPU
		{9D14629B-6451-43A6-9A45-A9C538F0E9A4}.Debug|x86.ActiveCfg = Debug|Any CPU
		{9D14629B-6451-43A6-9A45-A9C538F0E9A4}.Debug|x86.Build.0 = Debug|Any CPU
		{9D14629B-6451-43A6-9A45-A9C538F0E9A4}.Release|Any CPU.ActiveCfg = Release|Any CPU
		{9D14629B-6451-43A6-9A45-A9C538F0E9A4}.Release|Any CPU.Build.0 = Release|Any CPU
		{9D14629B-6451-43A6-9A45-A9C538F0E9A4}.Release|x64.ActiveCfg = Release|Any CPU
		{9D14629B-6451-43A6-9A45-A9C538F0E9A4}.Release|x64.Build.0 = Release|Any CPU
		{9D14629B-6451-43A6-9A45-A9C538F0E9A4}.Release|x86.ActiveCfg = Release|Any CPU
		{9D14629B-6451-43A6-9A45-A9C538F0E9A4}.Release|x86.Build.0 = Release|Any CPU
		{7014E8EE-0F62-449E-AB52-6996F68FEB09}.Debug|Any CPU.ActiveCfg = Debug|Any CPU
		{7014E8EE-0F62-449E-AB52-6996F68FEB09}.Debug|Any CPU.Build.0 = Debug|Any CPU
		{7014E8EE-0F62-449E-AB52-6996F68FEB09}.Debug|x64.ActiveCfg = Debug|Any CPU
		{7014E8EE-0F62-449E-AB52-6996F68FEB09}.Debug|x64.Build.0 = Debug|Any CPU
		{7014E8EE-0F62-449E-AB52-6996F68FEB09}.Debug|x86.ActiveCfg = Debug|Any CPU
		{7014E8EE-0F62-449E-AB52-6996F68FEB09}.Debug|x86.Build.0 = Debug|Any CPU
		{7014E8EE-0F62-449E-AB52-6996F68FEB09}.Release|Any CPU.ActiveCfg = Release|Any CPU
		{7014E8EE-0F62-449E-AB52-6996F68FEB09}.Release|Any CPU.Build.0 = Release|Any CPU
		{7014E8EE-0F62-449E-AB52-6996F68FEB09}.Release|x64.ActiveCfg = Release|Any CPU
		{7014E8EE-0F62-449E-AB52-6996F68FEB09}.Release|x64.Build.0 = Release|Any CPU
		{7014E8EE-0F62-449E-AB52-6996F68FEB09}.Release|x86.ActiveCfg = Release|Any CPU
		{7014E8EE-0F62-449E-AB52-6996F68FEB09}.Release|x86.Build.0 = Release|Any CPU
		{9D3ABC86-A872-4618-BACA-B39F7313BDC5}.Debug|Any CPU.ActiveCfg = Debug|Any CPU
		{9D3ABC86-A872-4618-BACA-B39F7313BDC5}.Debug|Any CPU.Build.0 = Debug|Any CPU
		{9D3ABC86-A872-4618-BACA-B39F7313BDC5}.Debug|x64.ActiveCfg = Debug|Any CPU
		{9D3ABC86-A872-4618-BACA-B39F7313BDC5}.Debug|x64.Build.0 = Debug|Any CPU
		{9D3ABC86-A872-4618-BACA-B39F7313BDC5}.Debug|x86.ActiveCfg = Debug|Any CPU
		{9D3ABC86-A872-4618-BACA-B39F7313BDC5}.Debug|x86.Build.0 = Debug|Any CPU
		{9D3ABC86-A872-4618-BACA-B39F7313BDC5}.Release|Any CPU.ActiveCfg = Release|Any CPU
		{9D3ABC86-A872-4618-BACA-B39F7313BDC5}.Release|Any CPU.Build.0 = Release|Any CPU
		{9D3ABC86-A872-4618-BACA-B39F7313BDC5}.Release|x64.ActiveCfg = Release|Any CPU
		{9D3ABC86-A872-4618-BACA-B39F7313BDC5}.Release|x64.Build.0 = Release|Any CPU
		{9D3ABC86-A872-4618-BACA-B39F7313BDC5}.Release|x86.ActiveCfg = Release|Any CPU
		{9D3ABC86-A872-4618-BACA-B39F7313BDC5}.Release|x86.Build.0 = Release|Any CPU
		{007C17AB-81EA-402D-9C10-484CF04DEF1C}.Debug|Any CPU.ActiveCfg = Debug|Any CPU
		{007C17AB-81EA-402D-9C10-484CF04DEF1C}.Debug|Any CPU.Build.0 = Debug|Any CPU
		{007C17AB-81EA-402D-9C10-484CF04DEF1C}.Debug|x64.ActiveCfg = Debug|Any CPU
		{007C17AB-81EA-402D-9C10-484CF04DEF1C}.Debug|x64.Build.0 = Debug|Any CPU
		{007C17AB-81EA-402D-9C10-484CF04DEF1C}.Debug|x86.ActiveCfg = Debug|Any CPU
		{007C17AB-81EA-402D-9C10-484CF04DEF1C}.Debug|x86.Build.0 = Debug|Any CPU
		{007C17AB-81EA-402D-9C10-484CF04DEF1C}.Release|Any CPU.ActiveCfg = Release|Any CPU
		{007C17AB-81EA-402D-9C10-484CF04DEF1C}.Release|Any CPU.Build.0 = Release|Any CPU
		{007C17AB-81EA-402D-9C10-484CF04DEF1C}.Release|x64.ActiveCfg = Release|Any CPU
		{007C17AB-81EA-402D-9C10-484CF04DEF1C}.Release|x64.Build.0 = Release|Any CPU
		{007C17AB-81EA-402D-9C10-484CF04DEF1C}.Release|x86.ActiveCfg = Release|Any CPU
		{007C17AB-81EA-402D-9C10-484CF04DEF1C}.Release|x86.Build.0 = Release|Any CPU
	EndGlobalSection
EndGlobal
